
Microsoft Visual Studio Solution File, Format Version 12.00
# Visual Studio 15
VisualStudioVersion = 15.0.27004.2002
MinimumVisualStudioVersion = 10.0.40219.1
Project("{D954291E-2A0B-460D-934E-DC6B0785DB48}") = "MAPme", "MAPme\MAPme\MAPme.shproj", "{D9F557B6-BB12-49DD-A620-6B94AEDF7FAB}"
EndProject
Project("{FAE04EC0-301F-11D3-BF4B-00C04F79EFBC}") = "MAPme.Android", "MAPme\MAPme.Android\MAPme.Android.csproj", "{433993F6-4925-47B8-88D6-C951CCF8D986}"
EndProject
Project("{FAE04EC0-301F-11D3-BF4B-00C04F79EFBC}") = "MAPme.iOS", "MAPme\MAPme.iOS\MAPme.iOS.csproj", "{19C3D94D-5B2A-49D4-85A2-F56084E541D4}"
EndProject
Project("{FAE04EC0-301F-11D3-BF4B-00C04F79EFBC}") = "MAPme.UWP", "MAPme\MAPme.UWP\MAPme.UWP.csproj", "{D9DB764D-5C49-4BDA-8B7E-7DA8147C3740}"
EndProject
Global
	GlobalSection(SharedMSBuildProjectFiles) = preSolution
		MAPme\MAPme\MAPme.projitems*{19c3d94d-5b2a-49d4-85a2-f56084e541d4}*SharedItemsImports = 4
		MAPme\MAPme\MAPme.projitems*{433993f6-4925-47b8-88d6-c951ccf8d986}*SharedItemsImports = 4
		MAPme\MAPme\MAPme.projitems*{d9db764d-5c49-4bda-8b7e-7da8147c3740}*SharedItemsImports = 4
		MAPme\MAPme\MAPme.projitems*{d9f557b6-bb12-49dd-a620-6b94aedf7fab}*SharedItemsImports = 13
	EndGlobalSection
	GlobalSection(SolutionConfigurationPlatforms) = preSolution
		Debug|Any CPU = Debug|Any CPU
		Debug|ARM = Debug|ARM
		Debug|iPhone = Debug|iPhone
		Debug|iPhoneSimulator = Debug|iPhoneSimulator
		Debug|x64 = Debug|x64
		Debug|x86 = Debug|x86
		Release|Any CPU = Release|Any CPU
		Release|ARM = Release|ARM
		Release|iPhone = Release|iPhone
		Release|iPhoneSimulator = Release|iPhoneSimulator
		Release|x64 = Release|x64
		Release|x86 = Release|x86
	EndGlobalSection
	GlobalSection(ProjectConfigurationPlatforms) = postSolution
		{433993F6-4925-47B8-88D6-C951CCF8D986}.Debug|Any CPU.ActiveCfg = Debug|Any CPU
		{433993F6-4925-47B8-88D6-C951CCF8D986}.Debug|Any CPU.Build.0 = Debug|Any CPU
		{433993F6-4925-47B8-88D6-C951CCF8D986}.Debug|Any CPU.Deploy.0 = Debug|Any CPU
		{433993F6-4925-47B8-88D6-C951CCF8D986}.Debug|ARM.ActiveCfg = Debug|Any CPU
		{433993F6-4925-47B8-88D6-C951CCF8D986}.Debug|ARM.Build.0 = Debug|Any CPU
		{433993F6-4925-47B8-88D6-C951CCF8D986}.Debug|ARM.Deploy.0 = Debug|Any CPU
		{433993F6-4925-47B8-88D6-C951CCF8D986}.Debug|iPhone.ActiveCfg = Debug|Any CPU
		{433993F6-4925-47B8-88D6-C951CCF8D986}.Debug|iPhone.Build.0 = Debug|Any CPU
		{433993F6-4925-47B8-88D6-C951CCF8D986}.Debug|iPhone.Deploy.0 = Debug|Any CPU
		{433993F6-4925-47B8-88D6-C951CCF8D986}.Debug|iPhoneSimulator.ActiveCfg = Debug|Any CPU
		{433993F6-4925-47B8-88D6-C951CCF8D986}.Debug|iPhoneSimulator.Build.0 = Debug|Any CPU
		{433993F6-4925-47B8-88D6-C951CCF8D986}.Debug|iPhoneSimulator.Deploy.0 = Debug|Any CPU
		{433993F6-4925-47B8-88D6-C951CCF8D986}.Debug|x64.ActiveCfg = Debug|Any CPU
		{433993F6-4925-47B8-88D6-C951CCF8D986}.Debug|x64.Build.0 = Debug|Any CPU
		{433993F6-4925-47B8-88D6-C951CCF8D986}.Debug|x64.Deploy.0 = Debug|Any CPU
		{433993F6-4925-47B8-88D6-C951CCF8D986}.Debug|x86.ActiveCfg = Debug|Any CPU
		{433993F6-4925-47B8-88D6-C951CCF8D986}.Debug|x86.Build.0 = Debug|Any CPU
		{433993F6-4925-47B8-88D6-C951CCF8D986}.Debug|x86.Deploy.0 = Debug|Any CPU
		{433993F6-4925-47B8-88D6-C951CCF8D986}.Release|Any CPU.ActiveCfg = Release|Any CPU
		{433993F6-4925-47B8-88D6-C951CCF8D986}.Release|Any CPU.Build.0 = Release|Any CPU
		{433993F6-4925-47B8-88D6-C951CCF8D986}.Release|Any CPU.Deploy.0 = Release|Any CPU
		{433993F6-4925-47B8-88D6-C951CCF8D986}.Release|ARM.ActiveCfg = Release|Any CPU
		{433993F6-4925-47B8-88D6-C951CCF8D986}.Release|ARM.Build.0 = Release|Any CPU
		{433993F6-4925-47B8-88D6-C951CCF8D986}.Release|ARM.Deploy.0 = Release|Any CPU
		{433993F6-4925-47B8-88D6-C951CCF8D986}.Release|iPhone.ActiveCfg = Release|Any CPU
		{433993F6-4925-47B8-88D6-C951CCF8D986}.Release|iPhone.Build.0 = Release|Any CPU
		{433993F6-4925-47B8-88D6-C951CCF8D986}.Release|iPhone.Deploy.0 = Release|Any CPU
		{433993F6-4925-47B8-88D6-C951CCF8D986}.Release|iPhoneSimulator.ActiveCfg = Release|Any CPU
		{433993F6-4925-47B8-88D6-C951CCF8D986}.Release|iPhoneSimulator.Build.0 = Release|Any CPU
		{433993F6-4925-47B8-88D6-C951CCF8D986}.Release|iPhoneSimulator.Deploy.0 = Release|Any CPU
		{433993F6-4925-47B8-88D6-C951CCF8D986}.Release|x64.ActiveCfg = Release|Any CPU
		{433993F6-4925-47B8-88D6-C951CCF8D986}.Release|x64.Build.0 = Release|Any CPU
		{433993F6-4925-47B8-88D6-C951CCF8D986}.Release|x64.Deploy.0 = Release|Any CPU
		{433993F6-4925-47B8-88D6-C951CCF8D986}.Release|x86.ActiveCfg = Release|Any CPU
		{433993F6-4925-47B8-88D6-C951CCF8D986}.Release|x86.Build.0 = Release|Any CPU
		{433993F6-4925-47B8-88D6-C951CCF8D986}.Release|x86.Deploy.0 = Release|Any CPU
		{19C3D94D-5B2A-49D4-85A2-F56084E541D4}.Debug|Any CPU.ActiveCfg = Debug|iPhoneSimulator
		{19C3D94D-5B2A-49D4-85A2-F56084E541D4}.Debug|ARM.ActiveCfg = Debug|iPhone
		{19C3D94D-5B2A-49D4-85A2-F56084E541D4}.Debug|iPhone.ActiveCfg = Debug|iPhone
		{19C3D94D-5B2A-49D4-85A2-F56084E541D4}.Debug|iPhone.Build.0 = Debug|iPhone
		{19C3D94D-5B2A-49D4-85A2-F56084E541D4}.Debug|iPhoneSimulator.ActiveCfg = Debug|iPhoneSimulator
		{19C3D94D-5B2A-49D4-85A2-F56084E541D4}.Debug|iPhoneSimulator.Build.0 = Debug|iPhoneSimulator
		{19C3D94D-5B2A-49D4-85A2-F56084E541D4}.Debug|x64.ActiveCfg = Debug|iPhone
		{19C3D94D-5B2A-49D4-85A2-F56084E541D4}.Debug|x86.ActiveCfg = Debug|iPhone
		{19C3D94D-5B2A-49D4-85A2-F56084E541D4}.Release|Any CPU.ActiveCfg = Release|iPhoneSimulator
		{19C3D94D-5B2A-49D4-85A2-F56084E541D4}.Release|ARM.ActiveCfg = Release|iPhone
		{19C3D94D-5B2A-49D4-85A2-F56084E541D4}.Release|iPhone.ActiveCfg = Release|iPhone
		{19C3D94D-5B2A-49D4-85A2-F56084E541D4}.Release|iPhone.Build.0 = Release|iPhone
		{19C3D94D-5B2A-49D4-85A2-F56084E541D4}.Release|iPhoneSimulator.ActiveCfg = Release|iPhoneSimulator
		{19C3D94D-5B2A-49D4-85A2-F56084E541D4}.Release|iPhoneSimulator.Build.0 = Release|iPhoneSimulator
		{19C3D94D-5B2A-49D4-85A2-F56084E541D4}.Release|x64.ActiveCfg = Release|iPhone
		{19C3D94D-5B2A-49D4-85A2-F56084E541D4}.Release|x86.ActiveCfg = Release|iPhone
		{D9DB764D-5C49-4BDA-8B7E-7DA8147C3740}.Debug|Any CPU.ActiveCfg = Debug|x86
		{D9DB764D-5C49-4BDA-8B7E-7DA8147C3740}.Debug|ARM.ActiveCfg = Debug|ARM
		{D9DB764D-5C49-4BDA-8B7E-7DA8147C3740}.Debug|ARM.Build.0 = Debug|ARM
		{D9DB764D-5C49-4BDA-8B7E-7DA8147C3740}.Debug|ARM.Deploy.0 = Debug|ARM
		{D9DB764D-5C49-4BDA-8B7E-7DA8147C3740}.Debug|iPhone.ActiveCfg = Debug|x86
		{D9DB764D-5C49-4BDA-8B7E-7DA8147C3740}.Debug|iPhoneSimulator.ActiveCfg = Debug|x86
		{D9DB764D-5C49-4BDA-8B7E-7DA8147C3740}.Debug|x64.ActiveCfg = Debug|x64
		{D9DB764D-5C49-4BDA-8B7E-7DA8147C3740}.Debug|x64.Build.0 = Debug|x64
		{D9DB764D-5C49-4BDA-8B7E-7DA8147C3740}.Debug|x64.Deploy.0 = Debug|x64
		{D9DB764D-5C49-4BDA-8B7E-7DA8147C3740}.Debug|x86.ActiveCfg = Debug|x86
		{D9DB764D-5C49-4BDA-8B7E-7DA8147C3740}.Debug|x86.Build.0 = Debug|x86
		{D9DB764D-5C49-4BDA-8B7E-7DA8147C3740}.Debug|x86.Deploy.0 = Debug|x86
		{D9DB764D-5C49-4BDA-8B7E-7DA8147C3740}.Release|Any CPU.ActiveCfg = Release|x86
		{D9DB764D-5C49-4BDA-8B7E-7DA8147C3740}.Release|ARM.ActiveCfg = Release|ARM
		{D9DB764D-5C49-4BDA-8B7E-7DA8147C3740}.Release|ARM.Build.0 = Release|ARM
		{D9DB764D-5C49-4BDA-8B7E-7DA8147C3740}.Release|ARM.Deploy.0 = Release|ARM
		{D9DB764D-5C49-4BDA-8B7E-7DA8147C3740}.Release|iPhone.ActiveCfg = Release|x86
		{D9DB764D-5C49-4BDA-8B7E-7DA8147C3740}.Release|iPhoneSimulator.ActiveCfg = Release|x86
		{D9DB764D-5C49-4BDA-8B7E-7DA8147C3740}.Release|x64.ActiveCfg = Release|x64
		{D9DB764D-5C49-4BDA-8B7E-7DA8147C3740}.Release|x64.Build.0 = Release|x64
		{D9DB764D-5C49-4BDA-8B7E-7DA8147C3740}.Release|x64.Deploy.0 = Release|x64
		{D9DB764D-5C49-4BDA-8B7E-7DA8147C3740}.Release|x86.ActiveCfg = Release|x86
		{D9DB764D-5C49-4BDA-8B7E-7DA8147C3740}.Release|x86.Build.0 = Release|x86
		{D9DB764D-5C49-4BDA-8B7E-7DA8147C3740}.Release|x86.Deploy.0 = Release|x86
	EndGlobalSection
	GlobalSection(SolutionProperties) = preSolution
		HideSolutionNode = FALSE
	EndGlobalSection
	GlobalSection(ExtensibilityGlobals) = postSolution
		SolutionGuid = {B8662A68-3098-45C4-9DC2-73A0571DDCF2}
	EndGlobalSection
EndGlobal
